
Microsoft Visual Studio Solution File, Format Version 12.00
# Visual Studio 15
VisualStudioVersion = 15.0.26730.16
MinimumVisualStudioVersion = 10.0.40219.1
Project("{FAE04EC0-301F-11D3-BF4B-00C04F79EFBC}") = "ParallelAlgos", "ParallelAlgos\ParallelAlgos.csproj", "{147FB85C-8761-4022-ABCE-C323AC9CF383}"
EndProject
Project("{FAE04EC0-301F-11D3-BF4B-00C04F79EFBC}") = "Hash", "Hash\Hash.csproj", "{4D1CA8A2-AEED-4AF8-9CD9-E28AC8E5F4EC}"
EndProject
Project("{FAE04EC0-301F-11D3-BF4B-00C04F79EFBC}") = "WebPagesAsync", "WebPagesAsync\WebPagesAsync.csproj", "{69E2A1DB-F23B-4442-8934-B71EC729FCE5}"
EndProject
Project("{FAE04EC0-301F-11D3-BF4B-00C04F79EFBC}") = "quickSort", "quickSort\quickSort.csproj", "{FFEA9E7A-C19A-4FDA-BAEE-4C7C785E36A1}"
EndProject
Project("{FAE04EC0-301F-11D3-BF4B-00C04F79EFBC}") = "PrimeNumbers", "PrimeNumbers\PrimeNumbers.csproj", "{C33D13F6-AFBC-4C7E-A348-3DE1C5B38121}"
EndProject
Project("{FAE04EC0-301F-11D3-BF4B-00C04F79EFBC}") = "parallel_rbtree", "parallel_rbtree\parallel_rbtree.csproj", "{44B52BD3-4114-4EFA-B3F9-9503694DC6AD}"
EndProject
Project("{FAE04EC0-301F-11D3-BF4B-00C04F79EFBC}") = "Wait-free", "Wait-free\Wait-free.csproj", "{9CEAC5A8-1E03-4733-BA6B-167F1F0ECE20}"
EndProject
Global
	GlobalSection(SolutionConfigurationPlatforms) = preSolution
		Debug|Any CPU = Debug|Any CPU
		Release|Any CPU = Release|Any CPU
	EndGlobalSection
	GlobalSection(ProjectConfigurationPlatforms) = postSolution
		{147FB85C-8761-4022-ABCE-C323AC9CF383}.Debug|Any CPU.ActiveCfg = Debug|Any CPU
		{147FB85C-8761-4022-ABCE-C323AC9CF383}.Debug|Any CPU.Build.0 = Debug|Any CPU
		{147FB85C-8761-4022-ABCE-C323AC9CF383}.Release|Any CPU.ActiveCfg = Release|Any CPU
		{147FB85C-8761-4022-ABCE-C323AC9CF383}.Release|Any CPU.Build.0 = Release|Any CPU
		{4D1CA8A2-AEED-4AF8-9CD9-E28AC8E5F4EC}.Debug|Any CPU.ActiveCfg = Debug|Any CPU
		{4D1CA8A2-AEED-4AF8-9CD9-E28AC8E5F4EC}.Debug|Any CPU.Build.0 = Debug|Any CPU
		{4D1CA8A2-AEED-4AF8-9CD9-E28AC8E5F4EC}.Release|Any CPU.ActiveCfg = Release|Any CPU
		{4D1CA8A2-AEED-4AF8-9CD9-E28AC8E5F4EC}.Release|Any CPU.Build.0 = Release|Any CPU
		{69E2A1DB-F23B-4442-8934-B71EC729FCE5}.Debug|Any CPU.ActiveCfg = Debug|Any CPU
		{69E2A1DB-F23B-4442-8934-B71EC729FCE5}.Debug|Any CPU.Build.0 = Debug|Any CPU
		{69E2A1DB-F23B-4442-8934-B71EC729FCE5}.Release|Any CPU.ActiveCfg = Release|Any CPU
		{69E2A1DB-F23B-4442-8934-B71EC729FCE5}.Release|Any CPU.Build.0 = Release|Any CPU
		{FFEA9E7A-C19A-4FDA-BAEE-4C7C785E36A1}.Debug|Any CPU.ActiveCfg = Debug|Any CPU
		{FFEA9E7A-C19A-4FDA-BAEE-4C7C785E36A1}.Debug|Any CPU.Build.0 = Debug|Any CPU
		{FFEA9E7A-C19A-4FDA-BAEE-4C7C785E36A1}.Release|Any CPU.ActiveCfg = Release|Any CPU
		{FFEA9E7A-C19A-4FDA-BAEE-4C7C785E36A1}.Release|Any CPU.Build.0 = Release|Any CPU
		{C33D13F6-AFBC-4C7E-A348-3DE1C5B38121}.Debug|Any CPU.ActiveCfg = Debug|Any CPU
		{C33D13F6-AFBC-4C7E-A348-3DE1C5B38121}.Debug|Any CPU.Build.0 = Debug|Any CPU
		{C33D13F6-AFBC-4C7E-A348-3DE1C5B38121}.Release|Any CPU.ActiveCfg = Release|Any CPU
		{C33D13F6-AFBC-4C7E-A348-3DE1C5B38121}.Release|Any CPU.Build.0 = Release|Any CPU
		{44B52BD3-4114-4EFA-B3F9-9503694DC6AD}.Debug|Any CPU.ActiveCfg = Debug|Any CPU
		{44B52BD3-4114-4EFA-B3F9-9503694DC6AD}.Debug|Any CPU.Build.0 = Debug|Any CPU
		{44B52BD3-4114-4EFA-B3F9-9503694DC6AD}.Release|Any CPU.ActiveCfg = Release|Any CPU
		{44B52BD3-4114-4EFA-B3F9-9503694DC6AD}.Release|Any CPU.Build.0 = Release|Any CPU
		{9CEAC5A8-1E03-4733-BA6B-167F1F0ECE20}.Debug|Any CPU.ActiveCfg = Debug|Any CPU
		{9CEAC5A8-1E03-4733-BA6B-167F1F0ECE20}.Debug|Any CPU.Build.0 = Debug|Any CPU
		{9CEAC5A8-1E03-4733-BA6B-167F1F0ECE20}.Release|Any CPU.ActiveCfg = Release|Any CPU
		{9CEAC5A8-1E03-4733-BA6B-167F1F0ECE20}.Release|Any CPU.Build.0 = Release|Any CPU
	EndGlobalSection
	GlobalSection(SolutionProperties) = preSolution
		HideSolutionNode = FALSE
	EndGlobalSection
	GlobalSection(ExtensibilityGlobals) = postSolution
		SolutionGuid = {3D501CF7-DFE0-42D3-8FB0-93082302989B}
	EndGlobalSection
EndGlobal
