
Microsoft Visual Studio Solution File, Format Version 12.00
# Visual Studio 15
VisualStudioVersion = 15.0.26730.16
MinimumVisualStudioVersion = 10.0.40219.1
Project("{FAE04EC0-301F-11D3-BF4B-00C04F79EFBC}") = "PrimeNumbers", "PrimeNumbers\PrimeNumbers.csproj", "{48BD19B7-CF73-4671-A7CC-8593F7E2CCFA}"
EndProject
Global
	GlobalSection(SolutionConfigurationPlatforms) = preSolution
		Debug|Any CPU = Debug|Any CPU
		Release|Any CPU = Release|Any CPU
	EndGlobalSection
	GlobalSection(ProjectConfigurationPlatforms) = postSolution
		{48BD19B7-CF73-4671-A7CC-8593F7E2CCFA}.Debug|Any CPU.ActiveCfg = Debug|Any CPU
		{48BD19B7-CF73-4671-A7CC-8593F7E2CCFA}.Debug|Any CPU.Build.0 = Debug|Any CPU
		{48BD19B7-CF73-4671-A7CC-8593F7E2CCFA}.Release|Any CPU.ActiveCfg = Release|Any CPU
		{48BD19B7-CF73-4671-A7CC-8593F7E2CCFA}.Release|Any CPU.Build.0 = Release|Any CPU
	EndGlobalSection
	GlobalSection(SolutionProperties) = preSolution
		HideSolutionNode = FALSE
	EndGlobalSection
	GlobalSection(ExtensibilityGlobals) = postSolution
		SolutionGuid = {4AB342B3-1D85-4FCE-BC23-D6AC4EBE30FB}
	EndGlobalSection
EndGlobal
